
Microsoft Visual Studio Solution File, Format Version 12.00
# Visual Studio Version 17
VisualStudioVersion = 17.4.33110.190
MinimumVisualStudioVersion = 10.0.40219.1
Project("{2150E333-8FDC-42A3-9474-1A3956D46DE8}") = "src", "src", "{90DB3877-5883-4494-B080-4523D80763FD}"
EndProject
Project("{2150E333-8FDC-42A3-9474-1A3956D46DE8}") = "Api", "Api", "{6649919B-EFC3-4A33-932B-493A254C300D}"
EndProject
Project("{2150E333-8FDC-42A3-9474-1A3956D46DE8}") = "Core", "Core", "{9406EB5C-FE67-49BD-892B-C1B15BF6054E}"
EndProject
Project("{2150E333-8FDC-42A3-9474-1A3956D46DE8}") = "Infrastructure", "Infrastructure", "{F0D21396-CC49-4672-946E-550211E7F3F7}"
EndProject
Project("{2150E333-8FDC-42A3-9474-1A3956D46DE8}") = "WebApi", "WebApi", "{4F6CBBF3-119A-4F79-8E66-88EC866ABAC3}"
EndProject
Project("{FAE04EC0-301F-11D3-BF4B-00C04F79EFBC}") = "Sozluk.Api.Domain", "src\Api\Core\Sozluk.Api.Domain\Sozluk.Api.Domain.csproj", "{D893A94D-760E-424E-8FBC-27ABC620C5EA}"
EndProject
Project("{FAE04EC0-301F-11D3-BF4B-00C04F79EFBC}") = "Sozluk.Api.Application", "src\Api\Core\Sozluk.Api.Application\Sozluk.Api.Application.csproj", "{8812E1A8-9A9E-4AEE-9017-A8FB98CA0F12}"
EndProject
Project("{FAE04EC0-301F-11D3-BF4B-00C04F79EFBC}") = "Sozluk.Api.WebApi", "src\Api\WebApi\Sozluk.Api.WebApi\Sozluk.Api.WebApi.csproj", "{F863C22B-F4B5-43D4-B362-714AF32DFA63}"
EndProject
Project("{2150E333-8FDC-42A3-9474-1A3956D46DE8}") = "Common", "Common", "{86E7188A-CED1-4AA4-9851-2AD5D1717E35}"
EndProject
Project("{FAE04EC0-301F-11D3-BF4B-00C04F79EFBC}") = "Sozluk.Common", "src\Common\Sozluk.Common\Sozluk.Common.csproj", "{3AF42381-A31E-451A-9D0E-1D71C044BC24}"
EndProject
Project("{2150E333-8FDC-42A3-9474-1A3956D46DE8}") = "Projections", "Projections", "{78C22499-46DC-432F-A853-6370EF1FD8F0}"
EndProject
Project("{FAE04EC0-301F-11D3-BF4B-00C04F79EFBC}") = "Sozluk.Projections.FavoriteService", "src\Projections\Sozluk.Projections.FavoriteService\Sozluk.Projections.FavoriteService.csproj", "{83126B10-30AE-4351-B3A7-47F0EC3C4E33}"
EndProject
Project("{FAE04EC0-301F-11D3-BF4B-00C04F79EFBC}") = "Sozluk.Projections.VoteService", "src\Projections\Sozluk.Projections.VoteService\Sozluk.Projections.VoteService.csproj", "{0EADD086-7853-4B93-88D8-5FB7E368996A}"
EndProject
Project("{FAE04EC0-301F-11D3-BF4B-00C04F79EFBC}") = "Sozluk.Projections.UserService", "src\Projections\Sozluk.Projections.UserService\Sozluk.Projections.UserService.csproj", "{FC3F4773-7D07-4C5F-9DD1-580C9AA07FD4}"
EndProject
Project("{FAE04EC0-301F-11D3-BF4B-00C04F79EFBC}") = "Sozluk.Infrastructure.Persistence", "src\Api\Infrastructure\Sozluk.Infrastructure.Persistence\Sozluk.Infrastructure.Persistence.csproj", "{2B1CF19E-AA2D-4B6F-B705-C2442BFB7EC1}"
EndProject
Global
	GlobalSection(SolutionConfigurationPlatforms) = preSolution
		Debug|Any CPU = Debug|Any CPU
		Release|Any CPU = Release|Any CPU
	EndGlobalSection
	GlobalSection(ProjectConfigurationPlatforms) = postSolution
		{D893A94D-760E-424E-8FBC-27ABC620C5EA}.Debug|Any CPU.ActiveCfg = Debug|Any CPU
		{D893A94D-760E-424E-8FBC-27ABC620C5EA}.Debug|Any CPU.Build.0 = Debug|Any CPU
		{D893A94D-760E-424E-8FBC-27ABC620C5EA}.Release|Any CPU.ActiveCfg = Release|Any CPU
		{D893A94D-760E-424E-8FBC-27ABC620C5EA}.Release|Any CPU.Build.0 = Release|Any CPU
		{8812E1A8-9A9E-4AEE-9017-A8FB98CA0F12}.Debug|Any CPU.ActiveCfg = Debug|Any CPU
		{8812E1A8-9A9E-4AEE-9017-A8FB98CA0F12}.Debug|Any CPU.Build.0 = Debug|Any CPU
		{8812E1A8-9A9E-4AEE-9017-A8FB98CA0F12}.Release|Any CPU.ActiveCfg = Release|Any CPU
		{8812E1A8-9A9E-4AEE-9017-A8FB98CA0F12}.Release|Any CPU.Build.0 = Release|Any CPU
		{F863C22B-F4B5-43D4-B362-714AF32DFA63}.Debug|Any CPU.ActiveCfg = Debug|Any CPU
		{F863C22B-F4B5-43D4-B362-714AF32DFA63}.Debug|Any CPU.Build.0 = Debug|Any CPU
		{F863C22B-F4B5-43D4-B362-714AF32DFA63}.Release|Any CPU.ActiveCfg = Release|Any CPU
		{F863C22B-F4B5-43D4-B362-714AF32DFA63}.Release|Any CPU.Build.0 = Release|Any CPU
		{3AF42381-A31E-451A-9D0E-1D71C044BC24}.Debug|Any CPU.ActiveCfg = Debug|Any CPU
		{3AF42381-A31E-451A-9D0E-1D71C044BC24}.Debug|Any CPU.Build.0 = Debug|Any CPU
		{3AF42381-A31E-451A-9D0E-1D71C044BC24}.Release|Any CPU.ActiveCfg = Release|Any CPU
		{3AF42381-A31E-451A-9D0E-1D71C044BC24}.Release|Any CPU.Build.0 = Release|Any CPU
		{83126B10-30AE-4351-B3A7-47F0EC3C4E33}.Debug|Any CPU.ActiveCfg = Debug|Any CPU
		{83126B10-30AE-4351-B3A7-47F0EC3C4E33}.Debug|Any CPU.Build.0 = Debug|Any CPU
		{83126B10-30AE-4351-B3A7-47F0EC3C4E33}.Release|Any CPU.ActiveCfg = Release|Any CPU
		{83126B10-30AE-4351-B3A7-47F0EC3C4E33}.Release|Any CPU.Build.0 = Release|Any CPU
		{0EADD086-7853-4B93-88D8-5FB7E368996A}.Debug|Any CPU.ActiveCfg = Debug|Any CPU
		{0EADD086-7853-4B93-88D8-5FB7E368996A}.Debug|Any CPU.Build.0 = Debug|Any CPU
		{0EADD086-7853-4B93-88D8-5FB7E368996A}.Release|Any CPU.ActiveCfg = Release|Any CPU
		{0EADD086-7853-4B93-88D8-5FB7E368996A}.Release|Any CPU.Build.0 = Release|Any CPU
		{FC3F4773-7D07-4C5F-9DD1-580C9AA07FD4}.Debug|Any CPU.ActiveCfg = Debug|Any CPU
		{FC3F4773-7D07-4C5F-9DD1-580C9AA07FD4}.Debug|Any CPU.Build.0 = Debug|Any CPU
		{FC3F4773-7D07-4C5F-9DD1-580C9AA07FD4}.Release|Any CPU.ActiveCfg = Release|Any CPU
		{FC3F4773-7D07-4C5F-9DD1-580C9AA07FD4}.Release|Any CPU.Build.0 = Release|Any CPU
		{2B1CF19E-AA2D-4B6F-B705-C2442BFB7EC1}.Debug|Any CPU.ActiveCfg = Debug|Any CPU
		{2B1CF19E-AA2D-4B6F-B705-C2442BFB7EC1}.Debug|Any CPU.Build.0 = Debug|Any CPU
		{2B1CF19E-AA2D-4B6F-B705-C2442BFB7EC1}.Release|Any CPU.ActiveCfg = Release|Any CPU
		{2B1CF19E-AA2D-4B6F-B705-C2442BFB7EC1}.Release|Any CPU.Build.0 = Release|Any CPU
	EndGlobalSection
	GlobalSection(SolutionProperties) = preSolution
		HideSolutionNode = FALSE
	EndGlobalSection
	GlobalSection(NestedProjects) = preSolution
		{6649919B-EFC3-4A33-932B-493A254C300D} = {90DB3877-5883-4494-B080-4523D80763FD}
		{9406EB5C-FE67-49BD-892B-C1B15BF6054E} = {6649919B-EFC3-4A33-932B-493A254C300D}
		{F0D21396-CC49-4672-946E-550211E7F3F7} = {6649919B-EFC3-4A33-932B-493A254C300D}
		{4F6CBBF3-119A-4F79-8E66-88EC866ABAC3} = {6649919B-EFC3-4A33-932B-493A254C300D}
		{D893A94D-760E-424E-8FBC-27ABC620C5EA} = {9406EB5C-FE67-49BD-892B-C1B15BF6054E}
		{8812E1A8-9A9E-4AEE-9017-A8FB98CA0F12} = {9406EB5C-FE67-49BD-892B-C1B15BF6054E}
		{F863C22B-F4B5-43D4-B362-714AF32DFA63} = {4F6CBBF3-119A-4F79-8E66-88EC866ABAC3}
		{86E7188A-CED1-4AA4-9851-2AD5D1717E35} = {90DB3877-5883-4494-B080-4523D80763FD}
		{3AF42381-A31E-451A-9D0E-1D71C044BC24} = {86E7188A-CED1-4AA4-9851-2AD5D1717E35}
		{78C22499-46DC-432F-A853-6370EF1FD8F0} = {90DB3877-5883-4494-B080-4523D80763FD}
		{83126B10-30AE-4351-B3A7-47F0EC3C4E33} = {78C22499-46DC-432F-A853-6370EF1FD8F0}
		{0EADD086-7853-4B93-88D8-5FB7E368996A} = {78C22499-46DC-432F-A853-6370EF1FD8F0}
		{FC3F4773-7D07-4C5F-9DD1-580C9AA07FD4} = {78C22499-46DC-432F-A853-6370EF1FD8F0}
		{2B1CF19E-AA2D-4B6F-B705-C2442BFB7EC1} = {F0D21396-CC49-4672-946E-550211E7F3F7}
	EndGlobalSection
	GlobalSection(ExtensibilityGlobals) = postSolution
		SolutionGuid = {1291CFD5-3133-4564-9281-0E0344BBDC15}
	EndGlobalSection
EndGlobal
